{
  "name": "Projeto-Specialized",
  "lockfileVersion": 3,
  "requires": true,
  "packages": {
    "": {
      "dependencies": {
        "lightgallery": "^2.9.0-beta.1",
        "vanilla-tilt": "^1.8.1"
      }
    },
    "node_modules/lightgallery": {
      "version": "2.9.0-beta.1",
      "resolved": "https://registry.npmjs.org/lightgallery/-/lightgallery-2.9.0-beta.1.tgz",
      "integrity": "sha512-4Bl1vsYGOsI6RsPyephAUFW8bbZuZlLrpxU59cfKYKPDEX5Mhxfo1DUoUIJ+j5QPNrHEqrd+QeQtnGUCCwqK2g==",
      "license": "GPLv3",
      "engines": {
        "node": ">=6.0.0"
      }
    },
    "node_modules/vanilla-tilt": {
      "version": "1.8.1",
      "resolved": "https://registry.npmjs.org/vanilla-tilt/-/vanilla-tilt-1.8.1.tgz",
      "integrity": "sha512-hPB1XUsnh+SIeVSW2beb5RnuFxz4ZNgxjGD78o52F49gS4xaoLeEMh9qrQnJrnEn/vjjBI7IlxrrXmz4tGV0Kw==",
      "license": "MIT"
    }
  }
}
